
Microsoft Visual Studio Solution File, Format Version 12.00
# Visual Studio Version 17
VisualStudioVersion = 17.1.32328.378
MinimumVisualStudioVersion = 10.0.40219.1
Project("{2150E333-8FDC-42A3-9474-1A3956D46DE8}") = "src", "src", "{B1BD9096-C37E-4873-9080-5AD98ED3F62B}"
EndProject
Project("{2150E333-8FDC-42A3-9474-1A3956D46DE8}") = "services", "services", "{1CA48694-E493-41D4-94A7-E62E2C6C14A4}"
EndProject
Project("{2150E333-8FDC-42A3-9474-1A3956D46DE8}") = "core", "core", "{006942FC-CF55-4C88-8563-1E6174C88EF8}"
EndProject
Project("{2150E333-8FDC-42A3-9474-1A3956D46DE8}") = "order", "order", "{A48CBF82-0141-40EB-AB56-A075A2DF0F63}"
EndProject
Project("{9A19103F-16F7-4668-BE54-9A1E7A4F7556}") = "application", "src\services\order\application\application.csproj", "{D21E72D6-F6D7-4999-AC46-7A5DDD5279F0}"
EndProject
Project("{9A19103F-16F7-4668-BE54-9A1E7A4F7556}") = "api", "src\services\order\api\api.csproj", "{C37E1D1F-FEC1-4F83-8676-E9C2015D674B}"
EndProject
Project("{9A19103F-16F7-4668-BE54-9A1E7A4F7556}") = "domain", "src\services\order\domain\domain.csproj", "{C2FEDCA3-484D-46FA-934E-D9351F1947C4}"
EndProject
Project("{9A19103F-16F7-4668-BE54-9A1E7A4F7556}") = "infrastructure", "src\services\order\infrastructure\infrastructure.csproj", "{16887437-9F5D-42F6-82E7-486384220F30}"
EndProject
Project("{9A19103F-16F7-4668-BE54-9A1E7A4F7556}") = "core-domain", "src\core\core-domain\core-domain.csproj", "{25759E48-353F-42BD-B42E-877C570776A4}"
EndProject
Project("{9A19103F-16F7-4668-BE54-9A1E7A4F7556}") = "core-infrastructure", "src\core\core-infrastructure\core-infrastructure.csproj", "{41B00AB8-CBA7-4361-A7A9-67F15D4E420B}"
EndProject
Project("{2150E333-8FDC-42A3-9474-1A3956D46DE8}") = "stock", "stock", "{45591D78-E9A0-4F51-9327-2E640D7E6105}"
EndProject
Project("{9A19103F-16F7-4668-BE54-9A1E7A4F7556}") = "api", "src\services\stock\api\api.csproj", "{5DE6CAB3-689D-4A39-A031-790A5FD92582}"
EndProject
Project("{9A19103F-16F7-4668-BE54-9A1E7A4F7556}") = "application", "src\services\stock\application\application.csproj", "{41C03F7D-54F6-4523-8625-31169FAF31DE}"
EndProject
Project("{9A19103F-16F7-4668-BE54-9A1E7A4F7556}") = "domain", "src\services\stock\domain\domain.csproj", "{EFF1A161-ED4C-477E-ABC1-C5CAAF45DA34}"
EndProject
Project("{9A19103F-16F7-4668-BE54-9A1E7A4F7556}") = "infrastructure", "src\services\stock\infrastructure\infrastructure.csproj", "{D79912F7-CA4D-4883-96D6-A70D180A0F89}"
EndProject
Project("{2150E333-8FDC-42A3-9474-1A3956D46DE8}") = "payment", "payment", "{B55D3951-20E3-435F-94DB-436EE31A543B}"
EndProject
Project("{9A19103F-16F7-4668-BE54-9A1E7A4F7556}") = "api", "src\services\payment\api\api.csproj", "{A4FFB1EC-304D-4B47-A141-7BE61484F3D4}"
EndProject
Project("{9A19103F-16F7-4668-BE54-9A1E7A4F7556}") = "application", "src\services\payment\application\application.csproj", "{05DE7229-E16F-4C24-8623-8D52E284E9B8}"
EndProject
Project("{9A19103F-16F7-4668-BE54-9A1E7A4F7556}") = "domain", "src\services\payment\domain\domain.csproj", "{27DCA424-B528-479C-89AB-09EB362053B6}"
EndProject
Project("{9A19103F-16F7-4668-BE54-9A1E7A4F7556}") = "infrastructure", "src\services\payment\infrastructure\infrastructure.csproj", "{838C0537-5DD3-4AA1-9184-7410252A98A6}"
EndProject
Project("{FAE04EC0-301F-11D3-BF4B-00C04F79EFBC}") = "core-application", "src\core\core-application\core-application.csproj", "{AF123A40-F6D5-467C-B098-D745C98AAECF}"
EndProject
Project("{FAE04EC0-301F-11D3-BF4B-00C04F79EFBC}") = "core-messages", "src\core\core-messages\core-messages.csproj", "{5BB638E1-BB11-43C8-B0AA-2C0DC13C0B71}"
EndProject
Project("{2150E333-8FDC-42A3-9474-1A3956D46DE8}") = "bg-service", "bg-service", "{AA6A2BC6-25A7-4DE2-9EC9-299D3CDA3739}"
EndProject
Project("{FAE04EC0-301F-11D3-BF4B-00C04F79EFBC}") = "messageRelayService", "src\services\bg-service\messageRelayService\messageRelayService.csproj", "{1059A78C-982F-4F1F-8D34-DC244678E15E}"
EndProject
Project("{E53339B2-1760-4266-BCC7-CA923CBCF16C}") = "docker-compose", "docker-compose.dcproj", "{F689A390-2E41-4BB4-AF13-6F7A163E2EAD}"
EndProject
Global
	GlobalSection(SolutionConfigurationPlatforms) = preSolution
		Debug|Any CPU = Debug|Any CPU
		Release|Any CPU = Release|Any CPU
	EndGlobalSection
	GlobalSection(ProjectConfigurationPlatforms) = postSolution
		{D21E72D6-F6D7-4999-AC46-7A5DDD5279F0}.Debug|Any CPU.ActiveCfg = Debug|Any CPU
		{D21E72D6-F6D7-4999-AC46-7A5DDD5279F0}.Debug|Any CPU.Build.0 = Debug|Any CPU
		{D21E72D6-F6D7-4999-AC46-7A5DDD5279F0}.Release|Any CPU.ActiveCfg = Release|Any CPU
		{D21E72D6-F6D7-4999-AC46-7A5DDD5279F0}.Release|Any CPU.Build.0 = Release|Any CPU
		{C37E1D1F-FEC1-4F83-8676-E9C2015D674B}.Debug|Any CPU.ActiveCfg = Debug|Any CPU
		{C37E1D1F-FEC1-4F83-8676-E9C2015D674B}.Debug|Any CPU.Build.0 = Debug|Any CPU
		{C37E1D1F-FEC1-4F83-8676-E9C2015D674B}.Release|Any CPU.ActiveCfg = Release|Any CPU
		{C37E1D1F-FEC1-4F83-8676-E9C2015D674B}.Release|Any CPU.Build.0 = Release|Any CPU
		{C2FEDCA3-484D-46FA-934E-D9351F1947C4}.Debug|Any CPU.ActiveCfg = Debug|Any CPU
		{C2FEDCA3-484D-46FA-934E-D9351F1947C4}.Debug|Any CPU.Build.0 = Debug|Any CPU
		{C2FEDCA3-484D-46FA-934E-D9351F1947C4}.Release|Any CPU.ActiveCfg = Release|Any CPU
		{C2FEDCA3-484D-46FA-934E-D9351F1947C4}.Release|Any CPU.Build.0 = Release|Any CPU
		{16887437-9F5D-42F6-82E7-486384220F30}.Debug|Any CPU.ActiveCfg = Debug|Any CPU
		{16887437-9F5D-42F6-82E7-486384220F30}.Debug|Any CPU.Build.0 = Debug|Any CPU
		{16887437-9F5D-42F6-82E7-486384220F30}.Release|Any CPU.ActiveCfg = Release|Any CPU
		{16887437-9F5D-42F6-82E7-486384220F30}.Release|Any CPU.Build.0 = Release|Any CPU
		{25759E48-353F-42BD-B42E-877C570776A4}.Debug|Any CPU.ActiveCfg = Debug|Any CPU
		{25759E48-353F-42BD-B42E-877C570776A4}.Debug|Any CPU.Build.0 = Debug|Any CPU
		{25759E48-353F-42BD-B42E-877C570776A4}.Release|Any CPU.ActiveCfg = Release|Any CPU
		{25759E48-353F-42BD-B42E-877C570776A4}.Release|Any CPU.Build.0 = Release|Any CPU
		{41B00AB8-CBA7-4361-A7A9-67F15D4E420B}.Debug|Any CPU.ActiveCfg = Debug|Any CPU
		{41B00AB8-CBA7-4361-A7A9-67F15D4E420B}.Debug|Any CPU.Build.0 = Debug|Any CPU
		{41B00AB8-CBA7-4361-A7A9-67F15D4E420B}.Release|Any CPU.ActiveCfg = Release|Any CPU
		{41B00AB8-CBA7-4361-A7A9-67F15D4E420B}.Release|Any CPU.Build.0 = Release|Any CPU
		{5DE6CAB3-689D-4A39-A031-790A5FD92582}.Debug|Any CPU.ActiveCfg = Debug|Any CPU
		{5DE6CAB3-689D-4A39-A031-790A5FD92582}.Debug|Any CPU.Build.0 = Debug|Any CPU
		{5DE6CAB3-689D-4A39-A031-790A5FD92582}.Release|Any CPU.ActiveCfg = Release|Any CPU
		{5DE6CAB3-689D-4A39-A031-790A5FD92582}.Release|Any CPU.Build.0 = Release|Any CPU
		{41C03F7D-54F6-4523-8625-31169FAF31DE}.Debug|Any CPU.ActiveCfg = Debug|Any CPU
		{41C03F7D-54F6-4523-8625-31169FAF31DE}.Debug|Any CPU.Build.0 = Debug|Any CPU
		{41C03F7D-54F6-4523-8625-31169FAF31DE}.Release|Any CPU.ActiveCfg = Release|Any CPU
		{41C03F7D-54F6-4523-8625-31169FAF31DE}.Release|Any CPU.Build.0 = Release|Any CPU
		{EFF1A161-ED4C-477E-ABC1-C5CAAF45DA34}.Debug|Any CPU.ActiveCfg = Debug|Any CPU
		{EFF1A161-ED4C-477E-ABC1-C5CAAF45DA34}.Debug|Any CPU.Build.0 = Debug|Any CPU
		{EFF1A161-ED4C-477E-ABC1-C5CAAF45DA34}.Release|Any CPU.ActiveCfg = Release|Any CPU
		{EFF1A161-ED4C-477E-ABC1-C5CAAF45DA34}.Release|Any CPU.Build.0 = Release|Any CPU
		{D79912F7-CA4D-4883-96D6-A70D180A0F89}.Debug|Any CPU.ActiveCfg = Debug|Any CPU
		{D79912F7-CA4D-4883-96D6-A70D180A0F89}.Debug|Any CPU.Build.0 = Debug|Any CPU
		{D79912F7-CA4D-4883-96D6-A70D180A0F89}.Release|Any CPU.ActiveCfg = Release|Any CPU
		{D79912F7-CA4D-4883-96D6-A70D180A0F89}.Release|Any CPU.Build.0 = Release|Any CPU
		{A4FFB1EC-304D-4B47-A141-7BE61484F3D4}.Debug|Any CPU.ActiveCfg = Debug|Any CPU
		{A4FFB1EC-304D-4B47-A141-7BE61484F3D4}.Debug|Any CPU.Build.0 = Debug|Any CPU
		{A4FFB1EC-304D-4B47-A141-7BE61484F3D4}.Release|Any CPU.ActiveCfg = Release|Any CPU
		{A4FFB1EC-304D-4B47-A141-7BE61484F3D4}.Release|Any CPU.Build.0 = Release|Any CPU
		{05DE7229-E16F-4C24-8623-8D52E284E9B8}.Debug|Any CPU.ActiveCfg = Debug|Any CPU
		{05DE7229-E16F-4C24-8623-8D52E284E9B8}.Debug|Any CPU.Build.0 = Debug|Any CPU
		{05DE7229-E16F-4C24-8623-8D52E284E9B8}.Release|Any CPU.ActiveCfg = Release|Any CPU
		{05DE7229-E16F-4C24-8623-8D52E284E9B8}.Release|Any CPU.Build.0 = Release|Any CPU
		{27DCA424-B528-479C-89AB-09EB362053B6}.Debug|Any CPU.ActiveCfg = Debug|Any CPU
		{27DCA424-B528-479C-89AB-09EB362053B6}.Debug|Any CPU.Build.0 = Debug|Any CPU
		{27DCA424-B528-479C-89AB-09EB362053B6}.Release|Any CPU.ActiveCfg = Release|Any CPU
		{27DCA424-B528-479C-89AB-09EB362053B6}.Release|Any CPU.Build.0 = Release|Any CPU
		{838C0537-5DD3-4AA1-9184-7410252A98A6}.Debug|Any CPU.ActiveCfg = Debug|Any CPU
		{838C0537-5DD3-4AA1-9184-7410252A98A6}.Debug|Any CPU.Build.0 = Debug|Any CPU
		{838C0537-5DD3-4AA1-9184-7410252A98A6}.Release|Any CPU.ActiveCfg = Release|Any CPU
		{838C0537-5DD3-4AA1-9184-7410252A98A6}.Release|Any CPU.Build.0 = Release|Any CPU
		{AF123A40-F6D5-467C-B098-D745C98AAECF}.Debug|Any CPU.ActiveCfg = Debug|Any CPU
		{AF123A40-F6D5-467C-B098-D745C98AAECF}.Debug|Any CPU.Build.0 = Debug|Any CPU
		{AF123A40-F6D5-467C-B098-D745C98AAECF}.Release|Any CPU.ActiveCfg = Release|Any CPU
		{AF123A40-F6D5-467C-B098-D745C98AAECF}.Release|Any CPU.Build.0 = Release|Any CPU
		{5BB638E1-BB11-43C8-B0AA-2C0DC13C0B71}.Debug|Any CPU.ActiveCfg = Debug|Any CPU
		{5BB638E1-BB11-43C8-B0AA-2C0DC13C0B71}.Debug|Any CPU.Build.0 = Debug|Any CPU
		{5BB638E1-BB11-43C8-B0AA-2C0DC13C0B71}.Release|Any CPU.ActiveCfg = Release|Any CPU
		{5BB638E1-BB11-43C8-B0AA-2C0DC13C0B71}.Release|Any CPU.Build.0 = Release|Any CPU
		{1059A78C-982F-4F1F-8D34-DC244678E15E}.Debug|Any CPU.ActiveCfg = Debug|Any CPU
		{1059A78C-982F-4F1F-8D34-DC244678E15E}.Debug|Any CPU.Build.0 = Debug|Any CPU
		{1059A78C-982F-4F1F-8D34-DC244678E15E}.Release|Any CPU.ActiveCfg = Release|Any CPU
		{1059A78C-982F-4F1F-8D34-DC244678E15E}.Release|Any CPU.Build.0 = Release|Any CPU
		{F689A390-2E41-4BB4-AF13-6F7A163E2EAD}.Debug|Any CPU.ActiveCfg = Debug|Any CPU
		{F689A390-2E41-4BB4-AF13-6F7A163E2EAD}.Debug|Any CPU.Build.0 = Debug|Any CPU
		{F689A390-2E41-4BB4-AF13-6F7A163E2EAD}.Release|Any CPU.ActiveCfg = Release|Any CPU
		{F689A390-2E41-4BB4-AF13-6F7A163E2EAD}.Release|Any CPU.Build.0 = Release|Any CPU
	EndGlobalSection
	GlobalSection(SolutionProperties) = preSolution
		HideSolutionNode = FALSE
	EndGlobalSection
	GlobalSection(NestedProjects) = preSolution
		{1CA48694-E493-41D4-94A7-E62E2C6C14A4} = {B1BD9096-C37E-4873-9080-5AD98ED3F62B}
		{006942FC-CF55-4C88-8563-1E6174C88EF8} = {B1BD9096-C37E-4873-9080-5AD98ED3F62B}
		{A48CBF82-0141-40EB-AB56-A075A2DF0F63} = {1CA48694-E493-41D4-94A7-E62E2C6C14A4}
		{D21E72D6-F6D7-4999-AC46-7A5DDD5279F0} = {A48CBF82-0141-40EB-AB56-A075A2DF0F63}
		{C37E1D1F-FEC1-4F83-8676-E9C2015D674B} = {A48CBF82-0141-40EB-AB56-A075A2DF0F63}
		{C2FEDCA3-484D-46FA-934E-D9351F1947C4} = {A48CBF82-0141-40EB-AB56-A075A2DF0F63}
		{16887437-9F5D-42F6-82E7-486384220F30} = {A48CBF82-0141-40EB-AB56-A075A2DF0F63}
		{25759E48-353F-42BD-B42E-877C570776A4} = {006942FC-CF55-4C88-8563-1E6174C88EF8}
		{41B00AB8-CBA7-4361-A7A9-67F15D4E420B} = {006942FC-CF55-4C88-8563-1E6174C88EF8}
		{45591D78-E9A0-4F51-9327-2E640D7E6105} = {1CA48694-E493-41D4-94A7-E62E2C6C14A4}
		{5DE6CAB3-689D-4A39-A031-790A5FD92582} = {45591D78-E9A0-4F51-9327-2E640D7E6105}
		{41C03F7D-54F6-4523-8625-31169FAF31DE} = {45591D78-E9A0-4F51-9327-2E640D7E6105}
		{EFF1A161-ED4C-477E-ABC1-C5CAAF45DA34} = {45591D78-E9A0-4F51-9327-2E640D7E6105}
		{D79912F7-CA4D-4883-96D6-A70D180A0F89} = {45591D78-E9A0-4F51-9327-2E640D7E6105}
		{B55D3951-20E3-435F-94DB-436EE31A543B} = {1CA48694-E493-41D4-94A7-E62E2C6C14A4}
		{A4FFB1EC-304D-4B47-A141-7BE61484F3D4} = {B55D3951-20E3-435F-94DB-436EE31A543B}
		{05DE7229-E16F-4C24-8623-8D52E284E9B8} = {B55D3951-20E3-435F-94DB-436EE31A543B}
		{27DCA424-B528-479C-89AB-09EB362053B6} = {B55D3951-20E3-435F-94DB-436EE31A543B}
		{838C0537-5DD3-4AA1-9184-7410252A98A6} = {B55D3951-20E3-435F-94DB-436EE31A543B}
		{AF123A40-F6D5-467C-B098-D745C98AAECF} = {006942FC-CF55-4C88-8563-1E6174C88EF8}
		{5BB638E1-BB11-43C8-B0AA-2C0DC13C0B71} = {006942FC-CF55-4C88-8563-1E6174C88EF8}
		{AA6A2BC6-25A7-4DE2-9EC9-299D3CDA3739} = {1CA48694-E493-41D4-94A7-E62E2C6C14A4}
		{1059A78C-982F-4F1F-8D34-DC244678E15E} = {AA6A2BC6-25A7-4DE2-9EC9-299D3CDA3739}
	EndGlobalSection
	GlobalSection(ExtensibilityGlobals) = postSolution
		SolutionGuid = {C2BEA4AA-0B63-49B0-8030-F961D993931C}
	EndGlobalSection
EndGlobal
