
Microsoft Visual Studio Solution File, Format Version 12.00
# Visual Studio Version 17
VisualStudioVersion = 17.1.32328.378
MinimumVisualStudioVersion = 10.0.40219.1
Project("{2150E333-8FDC-42A3-9474-1A3956D46DE8}") = "src", "src", "{6B8449A2-F3F8-499C-9909-5CB808DA9E8A}"
EndProject
Project("{2150E333-8FDC-42A3-9474-1A3956D46DE8}") = "core", "core", "{5FA27998-50BD-48C6-8CA7-F583893E7B6C}"
EndProject
Project("{2150E333-8FDC-42A3-9474-1A3956D46DE8}") = "services", "services", "{1E32599E-6850-49C1-A269-7882F80B8FB7}"
EndProject
Project("{2150E333-8FDC-42A3-9474-1A3956D46DE8}") = "order", "order", "{6B4A5F72-B79B-4EE0-859A-9ED232A4480C}"
EndProject
Project("{2150E333-8FDC-42A3-9474-1A3956D46DE8}") = "stock", "stock", "{CA4EB3B3-DC27-44BA-8C38-E47F84C94242}"
EndProject
Project("{2150E333-8FDC-42A3-9474-1A3956D46DE8}") = "payment", "payment", "{5B856A4D-C07F-49D8-949C-B5CF5D93C487}"
EndProject
Project("{2150E333-8FDC-42A3-9474-1A3956D46DE8}") = "bg-service", "bg-service", "{E968AA1A-DB36-492E-A458-4BD40FAAA92F}"
EndProject
Project("{FAE04EC0-301F-11D3-BF4B-00C04F79EFBC}") = "core-domain", "src\core\core-domain\core-domain.csproj", "{E17E94CE-505C-45DC-A25B-206265BCE864}"
EndProject
Project("{FAE04EC0-301F-11D3-BF4B-00C04F79EFBC}") = "core-application", "src\core\core-application\core-application.csproj", "{0AB15849-E88F-47CE-8B07-88526C2E9E42}"
EndProject
Project("{FAE04EC0-301F-11D3-BF4B-00C04F79EFBC}") = "core-infrastructure", "src\core\core-infrastructure\core-infrastructure.csproj", "{6201E7F3-6C6B-4B83-8696-EE5BADC4016A}"
EndProject
Project("{FAE04EC0-301F-11D3-BF4B-00C04F79EFBC}") = "core-messages", "src\core\core-messages\core-messages.csproj", "{E518352F-C5BB-4189-81F3-45FD5D8E843B}"
EndProject
Project("{FAE04EC0-301F-11D3-BF4B-00C04F79EFBC}") = "api", "src\services\order\api\api.csproj", "{0867AB6E-6F8C-416E-9D4F-424C36B3F4C9}"
EndProject
Project("{FAE04EC0-301F-11D3-BF4B-00C04F79EFBC}") = "application", "src\services\order\application\application.csproj", "{547FD769-D82B-42EE-B09E-6E74867C7C43}"
EndProject
Project("{FAE04EC0-301F-11D3-BF4B-00C04F79EFBC}") = "domain", "src\services\order\domain\domain.csproj", "{03308ECE-9EF6-4BE0-9D7F-59F7F4E29397}"
EndProject
Project("{FAE04EC0-301F-11D3-BF4B-00C04F79EFBC}") = "infrastructure", "src\services\order\infrastructure\infrastructure.csproj", "{CDEF2E56-7FAB-491E-AD8A-0252BC828D3A}"
EndProject
Project("{FAE04EC0-301F-11D3-BF4B-00C04F79EFBC}") = "api", "src\services\stock\api\api.csproj", "{226AAAFC-3E9B-4789-9E6D-8D64DF662653}"
EndProject
Project("{FAE04EC0-301F-11D3-BF4B-00C04F79EFBC}") = "application", "src\services\stock\application\application.csproj", "{1A7BE976-0DDF-4D97-8AA4-70C47DD5C4BB}"
EndProject
Project("{FAE04EC0-301F-11D3-BF4B-00C04F79EFBC}") = "infrastructure", "src\services\stock\infrastructure\infrastructure.csproj", "{E33BB535-EB67-4BD5-9132-7A0C8C207BE4}"
EndProject
Project("{FAE04EC0-301F-11D3-BF4B-00C04F79EFBC}") = "domain", "src\services\stock\domain\domain.csproj", "{E2968F1A-0CD3-498A-B162-DD156B018B13}"
EndProject
Project("{FAE04EC0-301F-11D3-BF4B-00C04F79EFBC}") = "api", "src\services\payment\api\api.csproj", "{6B0C3445-661B-422D-B1D6-DAA90ADE0E49}"
EndProject
Project("{FAE04EC0-301F-11D3-BF4B-00C04F79EFBC}") = "application", "src\services\payment\application\application.csproj", "{D28A1B98-9C4B-44B3-BE6C-561B9ADCD2CA}"
EndProject
Project("{FAE04EC0-301F-11D3-BF4B-00C04F79EFBC}") = "domain", "src\services\payment\domain\domain.csproj", "{0D57816E-527A-42F5-8FE0-9FA88A20A476}"
EndProject
Project("{FAE04EC0-301F-11D3-BF4B-00C04F79EFBC}") = "infrastructure", "src\services\payment\infrastructure\infrastructure.csproj", "{55808CBA-3FF9-442E-ACCA-113EE4769AB7}"
EndProject
Project("{FAE04EC0-301F-11D3-BF4B-00C04F79EFBC}") = "messageRelayService", "src\services\bg-service\messageRelayService\messageRelayService.csproj", "{36718A1A-D65C-4C2B-8C54-EDA9EFCC0B86}"
EndProject
Project("{2150E333-8FDC-42A3-9474-1A3956D46DE8}") = "orchestrator", "orchestrator", "{22F89470-4124-42B4-8B57-589CC6FDF961}"
EndProject
Project("{FAE04EC0-301F-11D3-BF4B-00C04F79EFBC}") = "orchestratorService", "src\services\orchestrator\orchestratorService\orchestratorService.csproj", "{A68EF669-DA93-4B6E-AFDC-0B3BD8B93D00}"
EndProject
Project("{FAE04EC0-301F-11D3-BF4B-00C04F79EFBC}") = "infrastructure", "src\services\orchestrator\infrastructure\infrastructure.csproj", "{F3CB8E38-1291-4D85-A0D0-5000505CEECB}"
EndProject
Global
	GlobalSection(SolutionConfigurationPlatforms) = preSolution
		Debug|Any CPU = Debug|Any CPU
		Release|Any CPU = Release|Any CPU
	EndGlobalSection
	GlobalSection(ProjectConfigurationPlatforms) = postSolution
		{E17E94CE-505C-45DC-A25B-206265BCE864}.Debug|Any CPU.ActiveCfg = Debug|Any CPU
		{E17E94CE-505C-45DC-A25B-206265BCE864}.Debug|Any CPU.Build.0 = Debug|Any CPU
		{E17E94CE-505C-45DC-A25B-206265BCE864}.Release|Any CPU.ActiveCfg = Release|Any CPU
		{E17E94CE-505C-45DC-A25B-206265BCE864}.Release|Any CPU.Build.0 = Release|Any CPU
		{0AB15849-E88F-47CE-8B07-88526C2E9E42}.Debug|Any CPU.ActiveCfg = Debug|Any CPU
		{0AB15849-E88F-47CE-8B07-88526C2E9E42}.Debug|Any CPU.Build.0 = Debug|Any CPU
		{0AB15849-E88F-47CE-8B07-88526C2E9E42}.Release|Any CPU.ActiveCfg = Release|Any CPU
		{0AB15849-E88F-47CE-8B07-88526C2E9E42}.Release|Any CPU.Build.0 = Release|Any CPU
		{6201E7F3-6C6B-4B83-8696-EE5BADC4016A}.Debug|Any CPU.ActiveCfg = Debug|Any CPU
		{6201E7F3-6C6B-4B83-8696-EE5BADC4016A}.Debug|Any CPU.Build.0 = Debug|Any CPU
		{6201E7F3-6C6B-4B83-8696-EE5BADC4016A}.Release|Any CPU.ActiveCfg = Release|Any CPU
		{6201E7F3-6C6B-4B83-8696-EE5BADC4016A}.Release|Any CPU.Build.0 = Release|Any CPU
		{E518352F-C5BB-4189-81F3-45FD5D8E843B}.Debug|Any CPU.ActiveCfg = Debug|Any CPU
		{E518352F-C5BB-4189-81F3-45FD5D8E843B}.Debug|Any CPU.Build.0 = Debug|Any CPU
		{E518352F-C5BB-4189-81F3-45FD5D8E843B}.Release|Any CPU.ActiveCfg = Release|Any CPU
		{E518352F-C5BB-4189-81F3-45FD5D8E843B}.Release|Any CPU.Build.0 = Release|Any CPU
		{0867AB6E-6F8C-416E-9D4F-424C36B3F4C9}.Debug|Any CPU.ActiveCfg = Debug|Any CPU
		{0867AB6E-6F8C-416E-9D4F-424C36B3F4C9}.Debug|Any CPU.Build.0 = Debug|Any CPU
		{0867AB6E-6F8C-416E-9D4F-424C36B3F4C9}.Release|Any CPU.ActiveCfg = Release|Any CPU
		{0867AB6E-6F8C-416E-9D4F-424C36B3F4C9}.Release|Any CPU.Build.0 = Release|Any CPU
		{547FD769-D82B-42EE-B09E-6E74867C7C43}.Debug|Any CPU.ActiveCfg = Debug|Any CPU
		{547FD769-D82B-42EE-B09E-6E74867C7C43}.Debug|Any CPU.Build.0 = Debug|Any CPU
		{547FD769-D82B-42EE-B09E-6E74867C7C43}.Release|Any CPU.ActiveCfg = Release|Any CPU
		{547FD769-D82B-42EE-B09E-6E74867C7C43}.Release|Any CPU.Build.0 = Release|Any CPU
		{03308ECE-9EF6-4BE0-9D7F-59F7F4E29397}.Debug|Any CPU.ActiveCfg = Debug|Any CPU
		{03308ECE-9EF6-4BE0-9D7F-59F7F4E29397}.Debug|Any CPU.Build.0 = Debug|Any CPU
		{03308ECE-9EF6-4BE0-9D7F-59F7F4E29397}.Release|Any CPU.ActiveCfg = Release|Any CPU
		{03308ECE-9EF6-4BE0-9D7F-59F7F4E29397}.Release|Any CPU.Build.0 = Release|Any CPU
		{CDEF2E56-7FAB-491E-AD8A-0252BC828D3A}.Debug|Any CPU.ActiveCfg = Debug|Any CPU
		{CDEF2E56-7FAB-491E-AD8A-0252BC828D3A}.Debug|Any CPU.Build.0 = Debug|Any CPU
		{CDEF2E56-7FAB-491E-AD8A-0252BC828D3A}.Release|Any CPU.ActiveCfg = Release|Any CPU
		{CDEF2E56-7FAB-491E-AD8A-0252BC828D3A}.Release|Any CPU.Build.0 = Release|Any CPU
		{226AAAFC-3E9B-4789-9E6D-8D64DF662653}.Debug|Any CPU.ActiveCfg = Debug|Any CPU
		{226AAAFC-3E9B-4789-9E6D-8D64DF662653}.Debug|Any CPU.Build.0 = Debug|Any CPU
		{226AAAFC-3E9B-4789-9E6D-8D64DF662653}.Release|Any CPU.ActiveCfg = Release|Any CPU
		{226AAAFC-3E9B-4789-9E6D-8D64DF662653}.Release|Any CPU.Build.0 = Release|Any CPU
		{1A7BE976-0DDF-4D97-8AA4-70C47DD5C4BB}.Debug|Any CPU.ActiveCfg = Debug|Any CPU
		{1A7BE976-0DDF-4D97-8AA4-70C47DD5C4BB}.Debug|Any CPU.Build.0 = Debug|Any CPU
		{1A7BE976-0DDF-4D97-8AA4-70C47DD5C4BB}.Release|Any CPU.ActiveCfg = Release|Any CPU
		{1A7BE976-0DDF-4D97-8AA4-70C47DD5C4BB}.Release|Any CPU.Build.0 = Release|Any CPU
		{E33BB535-EB67-4BD5-9132-7A0C8C207BE4}.Debug|Any CPU.ActiveCfg = Debug|Any CPU
		{E33BB535-EB67-4BD5-9132-7A0C8C207BE4}.Debug|Any CPU.Build.0 = Debug|Any CPU
		{E33BB535-EB67-4BD5-9132-7A0C8C207BE4}.Release|Any CPU.ActiveCfg = Release|Any CPU
		{E33BB535-EB67-4BD5-9132-7A0C8C207BE4}.Release|Any CPU.Build.0 = Release|Any CPU
		{E2968F1A-0CD3-498A-B162-DD156B018B13}.Debug|Any CPU.ActiveCfg = Debug|Any CPU
		{E2968F1A-0CD3-498A-B162-DD156B018B13}.Debug|Any CPU.Build.0 = Debug|Any CPU
		{E2968F1A-0CD3-498A-B162-DD156B018B13}.Release|Any CPU.ActiveCfg = Release|Any CPU
		{E2968F1A-0CD3-498A-B162-DD156B018B13}.Release|Any CPU.Build.0 = Release|Any CPU
		{6B0C3445-661B-422D-B1D6-DAA90ADE0E49}.Debug|Any CPU.ActiveCfg = Debug|Any CPU
		{6B0C3445-661B-422D-B1D6-DAA90ADE0E49}.Debug|Any CPU.Build.0 = Debug|Any CPU
		{6B0C3445-661B-422D-B1D6-DAA90ADE0E49}.Release|Any CPU.ActiveCfg = Release|Any CPU
		{6B0C3445-661B-422D-B1D6-DAA90ADE0E49}.Release|Any CPU.Build.0 = Release|Any CPU
		{D28A1B98-9C4B-44B3-BE6C-561B9ADCD2CA}.Debug|Any CPU.ActiveCfg = Debug|Any CPU
		{D28A1B98-9C4B-44B3-BE6C-561B9ADCD2CA}.Debug|Any CPU.Build.0 = Debug|Any CPU
		{D28A1B98-9C4B-44B3-BE6C-561B9ADCD2CA}.Release|Any CPU.ActiveCfg = Release|Any CPU
		{D28A1B98-9C4B-44B3-BE6C-561B9ADCD2CA}.Release|Any CPU.Build.0 = Release|Any CPU
		{0D57816E-527A-42F5-8FE0-9FA88A20A476}.Debug|Any CPU.ActiveCfg = Debug|Any CPU
		{0D57816E-527A-42F5-8FE0-9FA88A20A476}.Debug|Any CPU.Build.0 = Debug|Any CPU
		{0D57816E-527A-42F5-8FE0-9FA88A20A476}.Release|Any CPU.ActiveCfg = Release|Any CPU
		{0D57816E-527A-42F5-8FE0-9FA88A20A476}.Release|Any CPU.Build.0 = Release|Any CPU
		{55808CBA-3FF9-442E-ACCA-113EE4769AB7}.Debug|Any CPU.ActiveCfg = Debug|Any CPU
		{55808CBA-3FF9-442E-ACCA-113EE4769AB7}.Debug|Any CPU.Build.0 = Debug|Any CPU
		{55808CBA-3FF9-442E-ACCA-113EE4769AB7}.Release|Any CPU.ActiveCfg = Release|Any CPU
		{55808CBA-3FF9-442E-ACCA-113EE4769AB7}.Release|Any CPU.Build.0 = Release|Any CPU
		{36718A1A-D65C-4C2B-8C54-EDA9EFCC0B86}.Debug|Any CPU.ActiveCfg = Debug|Any CPU
		{36718A1A-D65C-4C2B-8C54-EDA9EFCC0B86}.Debug|Any CPU.Build.0 = Debug|Any CPU
		{36718A1A-D65C-4C2B-8C54-EDA9EFCC0B86}.Release|Any CPU.ActiveCfg = Release|Any CPU
		{36718A1A-D65C-4C2B-8C54-EDA9EFCC0B86}.Release|Any CPU.Build.0 = Release|Any CPU
		{A68EF669-DA93-4B6E-AFDC-0B3BD8B93D00}.Debug|Any CPU.ActiveCfg = Debug|Any CPU
		{A68EF669-DA93-4B6E-AFDC-0B3BD8B93D00}.Debug|Any CPU.Build.0 = Debug|Any CPU
		{A68EF669-DA93-4B6E-AFDC-0B3BD8B93D00}.Release|Any CPU.ActiveCfg = Release|Any CPU
		{A68EF669-DA93-4B6E-AFDC-0B3BD8B93D00}.Release|Any CPU.Build.0 = Release|Any CPU
		{F3CB8E38-1291-4D85-A0D0-5000505CEECB}.Debug|Any CPU.ActiveCfg = Debug|Any CPU
		{F3CB8E38-1291-4D85-A0D0-5000505CEECB}.Debug|Any CPU.Build.0 = Debug|Any CPU
		{F3CB8E38-1291-4D85-A0D0-5000505CEECB}.Release|Any CPU.ActiveCfg = Release|Any CPU
		{F3CB8E38-1291-4D85-A0D0-5000505CEECB}.Release|Any CPU.Build.0 = Release|Any CPU
	EndGlobalSection
	GlobalSection(SolutionProperties) = preSolution
		HideSolutionNode = FALSE
	EndGlobalSection
	GlobalSection(NestedProjects) = preSolution
		{5FA27998-50BD-48C6-8CA7-F583893E7B6C} = {6B8449A2-F3F8-499C-9909-5CB808DA9E8A}
		{1E32599E-6850-49C1-A269-7882F80B8FB7} = {6B8449A2-F3F8-499C-9909-5CB808DA9E8A}
		{6B4A5F72-B79B-4EE0-859A-9ED232A4480C} = {1E32599E-6850-49C1-A269-7882F80B8FB7}
		{CA4EB3B3-DC27-44BA-8C38-E47F84C94242} = {1E32599E-6850-49C1-A269-7882F80B8FB7}
		{5B856A4D-C07F-49D8-949C-B5CF5D93C487} = {1E32599E-6850-49C1-A269-7882F80B8FB7}
		{E968AA1A-DB36-492E-A458-4BD40FAAA92F} = {1E32599E-6850-49C1-A269-7882F80B8FB7}
		{E17E94CE-505C-45DC-A25B-206265BCE864} = {5FA27998-50BD-48C6-8CA7-F583893E7B6C}
		{0AB15849-E88F-47CE-8B07-88526C2E9E42} = {5FA27998-50BD-48C6-8CA7-F583893E7B6C}
		{6201E7F3-6C6B-4B83-8696-EE5BADC4016A} = {5FA27998-50BD-48C6-8CA7-F583893E7B6C}
		{E518352F-C5BB-4189-81F3-45FD5D8E843B} = {5FA27998-50BD-48C6-8CA7-F583893E7B6C}
		{0867AB6E-6F8C-416E-9D4F-424C36B3F4C9} = {6B4A5F72-B79B-4EE0-859A-9ED232A4480C}
		{547FD769-D82B-42EE-B09E-6E74867C7C43} = {6B4A5F72-B79B-4EE0-859A-9ED232A4480C}
		{03308ECE-9EF6-4BE0-9D7F-59F7F4E29397} = {6B4A5F72-B79B-4EE0-859A-9ED232A4480C}
		{CDEF2E56-7FAB-491E-AD8A-0252BC828D3A} = {6B4A5F72-B79B-4EE0-859A-9ED232A4480C}
		{226AAAFC-3E9B-4789-9E6D-8D64DF662653} = {CA4EB3B3-DC27-44BA-8C38-E47F84C94242}
		{1A7BE976-0DDF-4D97-8AA4-70C47DD5C4BB} = {CA4EB3B3-DC27-44BA-8C38-E47F84C94242}
		{E33BB535-EB67-4BD5-9132-7A0C8C207BE4} = {CA4EB3B3-DC27-44BA-8C38-E47F84C94242}
		{E2968F1A-0CD3-498A-B162-DD156B018B13} = {CA4EB3B3-DC27-44BA-8C38-E47F84C94242}
		{6B0C3445-661B-422D-B1D6-DAA90ADE0E49} = {5B856A4D-C07F-49D8-949C-B5CF5D93C487}
		{D28A1B98-9C4B-44B3-BE6C-561B9ADCD2CA} = {5B856A4D-C07F-49D8-949C-B5CF5D93C487}
		{0D57816E-527A-42F5-8FE0-9FA88A20A476} = {5B856A4D-C07F-49D8-949C-B5CF5D93C487}
		{55808CBA-3FF9-442E-ACCA-113EE4769AB7} = {5B856A4D-C07F-49D8-949C-B5CF5D93C487}
		{36718A1A-D65C-4C2B-8C54-EDA9EFCC0B86} = {E968AA1A-DB36-492E-A458-4BD40FAAA92F}
		{22F89470-4124-42B4-8B57-589CC6FDF961} = {1E32599E-6850-49C1-A269-7882F80B8FB7}
		{A68EF669-DA93-4B6E-AFDC-0B3BD8B93D00} = {22F89470-4124-42B4-8B57-589CC6FDF961}
		{F3CB8E38-1291-4D85-A0D0-5000505CEECB} = {22F89470-4124-42B4-8B57-589CC6FDF961}
	EndGlobalSection
	GlobalSection(ExtensibilityGlobals) = postSolution
		SolutionGuid = {9049F2C1-47AA-44E4-B2DB-3F9943FE05FC}
	EndGlobalSection
EndGlobal
